
Microsoft Visual Studio Solution File, Format Version 12.00
# Visual Studio 15
VisualStudioVersion = 15.0.26730.16
MinimumVisualStudioVersion = 10.0.40219.1
Project("{9A19103F-16F7-4668-BE54-9A1E7A4F7556}") = "infallible-code-discord-bot", "infallible-code-discord-bot\infallible-code-discord-bot.csproj", "{598E95A5-686A-4A05-9D92-EA53BE9BB0F7}"
EndProject
Project("{E53339B2-1760-4266-BCC7-CA923CBCF16C}") = "docker-compose", "docker-compose.dcproj", "{F60610EE-018A-4F25-8D18-B78A138B4257}"
EndProject
Global
	GlobalSection(SolutionConfigurationPlatforms) = preSolution
		Debug|Any CPU = Debug|Any CPU
		Release|Any CPU = Release|Any CPU
	EndGlobalSection
	GlobalSection(ProjectConfigurationPlatforms) = postSolution
		{598E95A5-686A-4A05-9D92-EA53BE9BB0F7}.Debug|Any CPU.ActiveCfg = Debug|Any CPU
		{598E95A5-686A-4A05-9D92-EA53BE9BB0F7}.Debug|Any CPU.Build.0 = Debug|Any CPU
		{598E95A5-686A-4A05-9D92-EA53BE9BB0F7}.Release|Any CPU.ActiveCfg = Release|Any CPU
		{598E95A5-686A-4A05-9D92-EA53BE9BB0F7}.Release|Any CPU.Build.0 = Release|Any CPU
		{F60610EE-018A-4F25-8D18-B78A138B4257}.Debug|Any CPU.ActiveCfg = Debug|Any CPU
		{F60610EE-018A-4F25-8D18-B78A138B4257}.Debug|Any CPU.Build.0 = Debug|Any CPU
		{F60610EE-018A-4F25-8D18-B78A138B4257}.Release|Any CPU.ActiveCfg = Release|Any CPU
		{F60610EE-018A-4F25-8D18-B78A138B4257}.Release|Any CPU.Build.0 = Release|Any CPU
	EndGlobalSection
	GlobalSection(SolutionProperties) = preSolution
		HideSolutionNode = FALSE
	EndGlobalSection
	GlobalSection(ExtensibilityGlobals) = postSolution
		SolutionGuid = {52FA34F2-BE19-40DB-93F0-94D8FBBDBD34}
	EndGlobalSection
EndGlobal
